
Microsoft Visual Studio Solution File, Format Version 12.00
# Visual Studio Version 17
VisualStudioVersion = 17.9.34728.123
MinimumVisualStudioVersion = 10.0.40219.1
Project("{FAE04EC0-301F-11D3-BF4B-00C04F79EFBC}") = "Drone Service App", "Drone Service App\Drone Service App.csproj", "{19846B9E-6699-4684-925D-5F631071E388}"
EndProject
Global
	GlobalSection(SolutionConfigurationPlatforms) = preSolution
		Debug|Any CPU = Debug|Any CPU
		Release|Any CPU = Release|Any CPU
	EndGlobalSection
	GlobalSection(ProjectConfigurationPlatforms) = postSolution
		{19846B9E-6699-4684-925D-5F631071E388}.Debug|Any CPU.ActiveCfg = Debug|Any CPU
		{19846B9E-6699-4684-925D-5F631071E388}.Debug|Any CPU.Build.0 = Debug|Any CPU
		{19846B9E-6699-4684-925D-5F631071E388}.Release|Any CPU.ActiveCfg = Release|Any CPU
		{19846B9E-6699-4684-925D-5F631071E388}.Release|Any CPU.Build.0 = Release|Any CPU
	EndGlobalSection
	GlobalSection(SolutionProperties) = preSolution
		HideSolutionNode = FALSE
	EndGlobalSection
	GlobalSection(ExtensibilityGlobals) = postSolution
		SolutionGuid = {A0ED3EC3-E66F-46DD-B980-0B3F9A4D71F3}
	EndGlobalSection
EndGlobal
